
Microsoft Visual Studio Solution File, Format Version 12.00
# Visual Studio Version 16
VisualStudioVersion = 16.0.31624.102
MinimumVisualStudioVersion = 10.0.40219.1
Project("{9A19103F-16F7-4668-BE54-9A1E7A4F7556}") = "AcmeWebApi", "AcmeWebApi\AcmeWebApi.csproj", "{C26EFB09-AB97-4B5D-8E24-388363BA2E5E}"
EndProject
Project("{FAE04EC0-301F-11D3-BF4B-00C04F79EFBC}") = "AcmeWebApi.Tests", "AcmeWebApi.Tests\AcmeWebApi.Tests.csproj", "{617DFCA5-34DA-4AE4-97DB-EAA4A78715BD}"
EndProject
Global
	GlobalSection(SolutionConfigurationPlatforms) = preSolution
		Debug|Any CPU = Debug|Any CPU
		Release|Any CPU = Release|Any CPU
	EndGlobalSection
	GlobalSection(ProjectConfigurationPlatforms) = postSolution
		{C26EFB09-AB97-4B5D-8E24-388363BA2E5E}.Debug|Any CPU.ActiveCfg = Debug|Any CPU
		{C26EFB09-AB97-4B5D-8E24-388363BA2E5E}.Debug|Any CPU.Build.0 = Debug|Any CPU
		{C26EFB09-AB97-4B5D-8E24-388363BA2E5E}.Release|Any CPU.ActiveCfg = Release|Any CPU
		{C26EFB09-AB97-4B5D-8E24-388363BA2E5E}.Release|Any CPU.Build.0 = Release|Any CPU
		{617DFCA5-34DA-4AE4-97DB-EAA4A78715BD}.Debug|Any CPU.ActiveCfg = Debug|Any CPU
		{617DFCA5-34DA-4AE4-97DB-EAA4A78715BD}.Debug|Any CPU.Build.0 = Debug|Any CPU
		{617DFCA5-34DA-4AE4-97DB-EAA4A78715BD}.Release|Any CPU.ActiveCfg = Release|Any CPU
		{617DFCA5-34DA-4AE4-97DB-EAA4A78715BD}.Release|Any CPU.Build.0 = Release|Any CPU
	EndGlobalSection
	GlobalSection(SolutionProperties) = preSolution
		HideSolutionNode = FALSE
	EndGlobalSection
	GlobalSection(ExtensibilityGlobals) = postSolution
		SolutionGuid = {861DE3B9-B079-4E2E-A0F9-948CC7E778F0}
	EndGlobalSection
EndGlobal
